
Microsoft Visual Studio Solution File, Format Version 11.00
# Visual Studio 2010
Project("{FAE04EC0-301F-11D3-BF4B-00C04F79EFBC}") = "PhotoHistory", "PhotoHistory\PhotoHistory.csproj", "{4B54FD47-ADA4-4621-A15D-274B803C4FD2}"
EndProject
Project("{FAE04EC0-301F-11D3-BF4B-00C04F79EFBC}") = "PhotoHistory.Model", "PhotoHistory.Model\PhotoHistory.Model.csproj", "{5C80B78C-6965-44EC-B44C-6F9187D2EF33}"
EndProject
Project("{FAE04EC0-301F-11D3-BF4B-00C04F79EFBC}") = "PhotoHistory.Data", "PhotoHistory.Data\PhotoHistory.Data.csproj", "{21212A57-668F-438D-A02C-21A077AEBBA5}"
EndProject
Global
	GlobalSection(SolutionConfigurationPlatforms) = preSolution
		Debug|Any CPU = Debug|Any CPU
		Release|Any CPU = Release|Any CPU
	EndGlobalSection
	GlobalSection(ProjectConfigurationPlatforms) = postSolution
		{4B54FD47-ADA4-4621-A15D-274B803C4FD2}.Debug|Any CPU.ActiveCfg = Debug|Any CPU
		{4B54FD47-ADA4-4621-A15D-274B803C4FD2}.Debug|Any CPU.Build.0 = Debug|Any CPU
		{4B54FD47-ADA4-4621-A15D-274B803C4FD2}.Release|Any CPU.ActiveCfg = Release|Any CPU
		{4B54FD47-ADA4-4621-A15D-274B803C4FD2}.Release|Any CPU.Build.0 = Release|Any CPU
		{5C80B78C-6965-44EC-B44C-6F9187D2EF33}.Debug|Any CPU.ActiveCfg = Debug|Any CPU
		{5C80B78C-6965-44EC-B44C-6F9187D2EF33}.Debug|Any CPU.Build.0 = Debug|Any CPU
		{5C80B78C-6965-44EC-B44C-6F9187D2EF33}.Release|Any CPU.ActiveCfg = Release|Any CPU
		{5C80B78C-6965-44EC-B44C-6F9187D2EF33}.Release|Any CPU.Build.0 = Release|Any CPU
		{21212A57-668F-438D-A02C-21A077AEBBA5}.Debug|Any CPU.ActiveCfg = Debug|Any CPU
		{21212A57-668F-438D-A02C-21A077AEBBA5}.Debug|Any CPU.Build.0 = Debug|Any CPU
		{21212A57-668F-438D-A02C-21A077AEBBA5}.Release|Any CPU.ActiveCfg = Release|Any CPU
		{21212A57-668F-438D-A02C-21A077AEBBA5}.Release|Any CPU.Build.0 = Release|Any CPU
	EndGlobalSection
	GlobalSection(SolutionProperties) = preSolution
		HideSolutionNode = FALSE
	EndGlobalSection
EndGlobal
